<?xml version="1.0" encoding="utf-8"?>
<Project ToolsVersion="4.0" xmlns="http://schemas.microsoft.com/developer/msbuild/2003">
  <ItemGroup>
    <Filter Include="Source Files">
      <UniqueIdentifier>{4FC737F1-C7A5-4376-A066-2A32D752A2FF}</UniqueIdentifier>
      <Extensions>cpp;c;cc;cxx;def;odl;idl;hpj;bat;asm;asmx</Extensions>
    </Filter>
    <Filter Include="Header Files">
      <UniqueIdentifier>{93995380-89BD-4b04-88EB-625FBE52EBFB}</UniqueIdentifier>
      <Extensions>h;hh;hpp;hxx;hm;inl;inc;xsd</Extensions>
    </Filter>
    <Filter Include="Resource Files">
      <UniqueIdentifier>{67DA6AB6-F800-4c08-8B7A-83BB121AAD01}</UniqueIdentifier>
      <Extensions>rc;ico;cur;bmp;dlg;rc2;rct;bin;rgs;gif;jpg;jpeg;jpe;resx;tiff;tif;png;wav;mfcribbon-ms</Extensions>
    </Filter>
    <Filter Include="Header Files\Events">
      <UniqueIdentifier>{00cecce5-1e9a-4ad6-9d37-7dfa520f8990}</UniqueIdentifier>
    </Filter>
    <Filter Include="Header Files\Graphics">
      <UniqueIdentifier>{6faf3b1d-79bd-4c40-8b97-84fbec8b7444}</UniqueIdentifier>
    </Filter>
    <Filter Include="Header Files\Graphics\Shapes">
      <UniqueIdentifier>{fb43a72c-d4fa-4abf-8a5c-a0a8629d39e8}</UniqueIdentifier>
    </Filter>
    <Filter Include="Header Files\GameStates">
      <UniqueIdentifier>{1c879bf0-3f67-4935-a91a-d59ba19f6b03}</UniqueIdentifier>
    </Filter>
    <Filter Include="Header Files\GameStates\Statemachine">
      <UniqueIdentifier>{55bf2b74-fb4b-4b3c-a8f4-8ce70364ceb7}</UniqueIdentifier>
    </Filter>
    <Filter Include="Header Files\GameStates\States">
      <UniqueIdentifier>{95c60a2d-e178-4193-b4bc-9b5300f53db3}</UniqueIdentifier>
    </Filter>
    <Filter Include="Header Files\Characters">
      <UniqueIdentifier>{d475da8c-7554-459b-9b36-61f168616320}</UniqueIdentifier>
    </Filter>
    <Filter Include="Header Files\Graphics\CollisionDetection">
      <UniqueIdentifier>{005f4cda-9d3d-4825-9119-098239b163bd}</UniqueIdentifier>
    </Filter>
    <Filter Include="Header Files\Subtitles">
      <UniqueIdentifier>{f8657aeb-2879-40e2-8bd4-fda7cd239df2}</UniqueIdentifier>
    </Filter>
    <Filter Include="Header Files\Assets">
      <UniqueIdentifier>{75b2f29c-8b9a-4647-919a-f8d7fe7e7a7a}</UniqueIdentifier>
    </Filter>
    <Filter Include="Header Files\MapLoader">
      <UniqueIdentifier>{6dc2e34b-cac6-4a68-82fd-03f9298f53ed}</UniqueIdentifier>
    </Filter>
    <Filter Include="Header Files\MapLoader\Factories">
      <UniqueIdentifier>{de92877c-d4dc-4b55-8273-e9c839acf4d6}</UniqueIdentifier>
    </Filter>
    <Filter Include="Header Files\MapLoader\StreamUtils">
      <UniqueIdentifier>{c575223a-631e-4822-bde7-bee75c33f9fd}</UniqueIdentifier>
    </Filter>
    <Filter Include="Header Files\MapLoader\Factories\Utils">
      <UniqueIdentifier>{36446231-c35e-4b3f-9395-66d925d7d2eb}</UniqueIdentifier>
    </Filter>
    <Filter Include="Header Files\MapEditor">
      <UniqueIdentifier>{528889dd-c355-45b1-ba8d-cf0f8ce4c696}</UniqueIdentifier>
    </Filter>
  </ItemGroup>
  <ItemGroup>
    <ClInclude Include="Drawable.hpp">
      <Filter>Header Files\Graphics</Filter>
    </ClInclude>
    <ClInclude Include="PhysicsObject.hpp">
      <Filter>Header Files\Graphics</Filter>
    </ClInclude>
    <ClInclude Include="Ball.hpp">
      <Filter>Header Files\Graphics\Shapes</Filter>
    </ClInclude>
    <ClInclude Include="Rectangle.hpp">
      <Filter>Header Files\Graphics\Shapes</Filter>
    </ClInclude>
    <ClInclude Include="Shapes.hpp">
      <Filter>Header Files\Graphics\Shapes</Filter>
    </ClInclude>
    <ClInclude Include="Button.hpp">
      <Filter>Header Files</Filter>
    </ClInclude>
    <ClInclude Include="EventConnection.hpp">
      <Filter>Header Files\Events</Filter>
    </ClInclude>
    <ClInclude Include="EventSource.hpp">
      <Filter>Header Files\Events</Filter>
    </ClInclude>
    <ClInclude Include="Mouse.hpp">
      <Filter>Header Files\Events</Filter>
    </ClInclude>
    <ClInclude Include="SFMLEventDecoder.hpp">
      <Filter>Header Files\Events</Filter>
    </ClInclude>
    <ClInclude Include="VectorMath.hpp">
      <Filter>Header Files</Filter>
    </ClInclude>
    <ClInclude Include="Events.hpp">
      <Filter>Header Files\Events</Filter>
    </ClInclude>
    <ClInclude Include="Keyboard.hpp">
      <Filter>Header Files\Events</Filter>
    </ClInclude>
    <ClInclude Include="Statemachine.hpp">
      <Filter>Header Files\GameStates\Statemachine</Filter>
    </ClInclude>
    <ClInclude Include="Running.hpp">
      <Filter>Header Files\GameStates\States</Filter>
    </ClInclude>
    <ClInclude Include="Antagonist.hpp">
      <Filter>Header Files\Characters</Filter>
    </ClInclude>
    <ClInclude Include="Player.hpp">
      <Filter>Header Files\Characters</Filter>
    </ClInclude>
    <ClInclude Include="Characters.hpp">
      <Filter>Header Files\Characters</Filter>
    </ClInclude>
    <ClInclude Include="GameStates.hpp">
      <Filter>Header Files\GameStates</Filter>
    </ClInclude>
    <ClInclude Include="MainMenu.hpp">
      <Filter>Header Files\GameStates\States</Filter>
    </ClInclude>
    <ClInclude Include="Label.hpp">
      <Filter>Header Files</Filter>
    </ClInclude>
    <ClInclude Include="GameOver.hpp">
      <Filter>Header Files\GameStates\States</Filter>
    </ClInclude>
    <ClInclude Include="ViewFocus.hpp">
      <Filter>Header Files\Graphics</Filter>
    </ClInclude>
    <ClInclude Include="Game.hpp">
      <Filter>Header Files\Events</Filter>
    </ClInclude>
    <ClInclude Include="State.hpp">
      <Filter>Header Files\GameStates\Statemachine</Filter>
    </ClInclude>
    <ClInclude Include="Collidable.hpp">
      <Filter>Header Files\Graphics\CollisionDetection</Filter>
    </ClInclude>
    <ClInclude Include="Collision.hpp">
      <Filter>Header Files\Graphics\CollisionDetection</Filter>
    </ClInclude>
    <ClInclude Include="CollisionDetection.hpp">
      <Filter>Header Files\Graphics\CollisionDetection</Filter>
    </ClInclude>
    <ClInclude Include="CollisionGroup.hpp">
      <Filter>Header Files\Graphics\CollisionDetection</Filter>
    </ClInclude>
    <ClInclude Include="GameObject.hpp">
      <Filter>Header Files\Graphics\CollisionDetection</Filter>
    </ClInclude>
    <ClInclude Include="KeyScheme.hpp">
      <Filter>Header Files</Filter>
    </ClInclude>
    <ClInclude Include="SubtitleParser.hpp">
      <Filter>Header Files\Subtitles</Filter>
    </ClInclude>
    <ClInclude Include="SubtitleItem.hpp">
      <Filter>Header Files\Subtitles</Filter>
    </ClInclude>
    <ClInclude Include="SubtitleReadException.hpp">
      <Filter>Header Files\Subtitles</Filter>
    </ClInclude>
    <ClInclude Include="BaseFactory.hpp">
      <Filter>Header Files\GameStates\Statemachine</Filter>
    </ClInclude>
    <ClInclude Include="AssetManager.hpp">
      <Filter>Header Files\Assets</Filter>
    </ClInclude>
    <ClInclude Include="DrawableGroup.hpp">
      <Filter>Header Files\Graphics</Filter>
    </ClInclude>
    <ClInclude Include="SettingsMenu.hpp">
      <Filter>Header Files\GameStates\States</Filter>
    </ClInclude>
    <ClInclude Include="Cutscene.hpp">
      <Filter>Header Files\GameStates\States</Filter>
    </ClInclude>
    <ClInclude Include="ConsumeString.hpp">
      <Filter>Header Files\MapLoader\StreamUtils</Filter>
    </ClInclude>
    <ClInclude Include="CurlyBracketList.hpp">
      <Filter>Header Files\MapLoader\StreamUtils</Filter>
    </ClInclude>
    <ClInclude Include="QuotedString.hpp">
      <Filter>Header Files\MapLoader\StreamUtils</Filter>
    </ClInclude>
    <ClInclude Include="SecureRead.hpp">
      <Filter>Header Files\MapLoader\StreamUtils</Filter>
    </ClInclude>
    <ClInclude Include="SpecialCharacter.hpp">
      <Filter>Header Files\MapLoader\StreamUtils</Filter>
    </ClInclude>
    <ClInclude Include="ColorFactory.hpp">
      <Filter>Header Files\MapLoader\Factories</Filter>
    </ClInclude>
    <ClInclude Include="MapFactory.hpp">
      <Filter>Header Files\MapLoader\Factories</Filter>
    </ClInclude>
    <ClInclude Include="StreamUtils.hpp">
      <Filter>Header Files\MapLoader\StreamUtils</Filter>
    </ClInclude>
    <ClInclude Include="KeyValuePair.hpp">
      <Filter>Header Files\MapLoader\Factories\Utils</Filter>
    </ClInclude>
    <ClInclude Include="Map.hpp">
      <Filter>Header Files\MapLoader</Filter>
    </ClInclude>
    <ClInclude Include="MapItemProperties.hpp">
      <Filter>Header Files\MapLoader\Factories\Utils</Filter>
    </ClInclude>
    <ClInclude Include="PropertyResolutionLambda.hpp">
      <Filter>Header Files\MapLoader\Factories\Utils</Filter>
    </ClInclude>
    <ClInclude Include="MapLoader.hpp">
      <Filter>Header Files\MapLoader</Filter>
    </ClInclude>
    <ClInclude Include="BaseStreamExceptions.hpp">
      <Filter>Header Files\MapLoader\StreamUtils</Filter>
    </ClInclude>
    <ClInclude Include="StreamManipulators.hpp">
      <Filter>Header Files\MapLoader\StreamUtils</Filter>
    </ClInclude>
    <ClInclude Include="RectStreamOperators.hpp">
      <Filter>Header Files\MapLoader\StreamUtils</Filter>
    </ClInclude>
    <ClInclude Include="VectorStreamOperators.hpp">
      <Filter>Header Files\MapLoader\StreamUtils</Filter>
    </ClInclude>
    <ClInclude Include="fimmyIcon.hpp">
      <Filter>Header Files\Assets</Filter>
    </ClInclude>
    <ClInclude Include="Dock.hpp">
      <Filter>Header Files\MapEditor</Filter>
    </ClInclude>
    <ClInclude Include="Editor.hpp">
      <Filter>Header Files\GameStates\States</Filter>
    </ClInclude>
    <ClInclude Include="RectangleContainer.hpp">
      <Filter>Header Files\MapEditor</Filter>
    </ClInclude>
    <ClInclude Include="GamePauze.hpp">
      <Filter>Header Files\GameStates\States</Filter>
    </ClInclude>
  </ItemGroup>
  <ItemGroup>
    <Text Include="map.txt">
      <Filter>Source Files</Filter>
    </Text>
  </ItemGroup>
  <ItemGroup>
    <None Include="cutscene.srt">
      <Filter>Source Files</Filter>
    </None>
  </ItemGroup>
  <ItemGroup>
    <ClCompile Include="main.cpp">
      <Filter>Source Files</Filter>
    </ClCompile>
  </ItemGroup>
</Project>